
Microsoft Visual Studio Solution File, Format Version 12.00
# Visual Studio 15
VisualStudioVersion = 15.0.27703.2035
MinimumVisualStudioVersion = 10.0.40219.1
Project("{FAE04EC0-301F-11D3-BF4B-00C04F79EFBC}") = "TeamPowered", "TeamPowered\TeamPowered.csproj", "{1256A198-DD5E-4A4B-96C2-1A054E154E1D}"
EndProject
Global
	GlobalSection(SolutionConfigurationPlatforms) = preSolution
		Debug|Any CPU = Debug|Any CPU
		Release|Any CPU = Release|Any CPU
	EndGlobalSection
	GlobalSection(ProjectConfigurationPlatforms) = postSolution
		{1256A198-DD5E-4A4B-96C2-1A054E154E1D}.Debug|Any CPU.ActiveCfg = Debug|Any CPU
		{1256A198-DD5E-4A4B-96C2-1A054E154E1D}.Debug|Any CPU.Build.0 = Debug|Any CPU
		{1256A198-DD5E-4A4B-96C2-1A054E154E1D}.Release|Any CPU.ActiveCfg = Release|Any CPU
		{1256A198-DD5E-4A4B-96C2-1A054E154E1D}.Release|Any CPU.Build.0 = Release|Any CPU
	EndGlobalSection
	GlobalSection(SolutionProperties) = preSolution
		HideSolutionNode = FALSE
	EndGlobalSection
	GlobalSection(ExtensibilityGlobals) = postSolution
		SolutionGuid = {FB85B75A-6983-4B00-955F-D5BEF4374CBD}
	EndGlobalSection
EndGlobal
